// !$*UTF8*$!
{
	archiveVersion = 1;
	classes = {
	};
	objectVersion = 46;
	objects = {

/* Begin PBXBuildFile section */
		0EEE6DAC251A452300107203 /* Group 1.png in Resources */ = {isa = PBXBuildFile; fileRef = 0EEE6DAB251A452300107203 /* Group 1.png */; };
		65F82E5D251A38C100AB94CF /* AppDelegate.swift in Sources */ = {isa = PBXBuildFile; fileRef = 65F82E5C251A38C100AB94CF /* AppDelegate.swift */; };
		65F82E5F251A38C100AB94CF /* ViewController.swift in Sources */ = {isa = PBXBuildFile; fileRef = 65F82E5E251A38C100AB94CF /* ViewController.swift */; };
		65F82E62251A38C100AB94CF /* Main.storyboard in Resources */ = {isa = PBXBuildFile; fileRef = 65F82E60251A38C100AB94CF /* Main.storyboard */; };
		65F82E64251A38C100AB94CF /* Assets.xcassets in Resources */ = {isa = PBXBuildFile; fileRef = 65F82E63251A38C100AB94CF /* Assets.xcassets */; };
		65F82E67251A38C100AB94CF /* LaunchScreen.storyboard in Resources */ = {isa = PBXBuildFile; fileRef = 65F82E65251A38C100AB94CF /* LaunchScreen.storyboard */; };
		65F82E72251A38C100AB94CF /* GasAppTests.swift in Sources */ = {isa = PBXBuildFile; fileRef = 65F82E71251A38C100AB94CF /* GasAppTests.swift */; };
		65F82E7D251A38C100AB94CF /* GasAppUITests.swift in Sources */ = {isa = PBXBuildFile; fileRef = 65F82E7C251A38C100AB94CF /* GasAppUITests.swift */; };
/* End PBXBuildFile section */

/* Begin PBXContainerItemProxy section */
		65F82E6E251A38C100AB94CF /* PBXContainerItemProxy */ = {
			isa = PBXContainerItemProxy;
			containerPortal = 65F82E51251A38C100AB94CF /* Project object */;
			proxyType = 1;
			remoteGlobalIDString = 65F82E58251A38C100AB94CF;
			remoteInfo = GasApp;
		};
		65F82E79251A38C100AB94CF /* PBXContainerItemProxy */ = {
			isa = PBXContainerItemProxy;
			containerPortal = 65F82E51251A38C100AB94CF /* Project object */;
			proxyType = 1;
			remoteGlobalIDString = 65F82E58251A38C100AB94CF;
			remoteInfo = GasApp;
		};
/* End PBXContainerItemProxy section */

/* Begin PBXFileReference section */
		0EEE6DAB251A452300107203 /* Group 1.png */ = {isa = PBXFileReference; lastKnownFileType = image.png; name = "Group 1.png"; path = "../../../../Downloads/iPhone 11 Pro 3/Group 1.png"; sourceTree = "<group>"; };
		65F82E59251A38C100AB94CF /* GasApp.app */ = {isa = PBXFileReference; explicitFileType = wrapper.application; includeInIndex = 0; path = GasApp.app; sourceTree = BUILT_PRODUCTS_DIR; };
		65F82E5C251A38C100AB94CF /* AppDelegate.swift */ = {isa = PBXFileReference; lastKnownFileType = sourcecode.swift; path = AppDelegate.swift; sourceTree = "<group>"; };
		65F82E5E251A38C100AB94CF /* ViewController.swift */ = {isa = PBXFileReference; lastKnownFileType = sourcecode.swift; path = ViewController.swift; sourceTree = "<group>"; };
		65F82E61251A38C100AB94CF /* Base */ = {isa = PBXFileReference; lastKnownFileType = file.storyboard; name = Base; path = Base.lproj/Main.storyboard; sourceTree = "<group>"; };
		65F82E63251A38C100AB94CF /* Assets.xcassets */ = {isa = PBXFileReference; lastKnownFileType = folder.assetcatalog; path = Assets.xcassets; sourceTree = "<group>"; };
		65F82E66251A38C100AB94CF /* Base */ = {isa = PBXFileReference; lastKnownFileType = file.storyboard; name = Base; path = Base.lproj/LaunchScreen.storyboard; sourceTree = "<group>"; };
		65F82E68251A38C100AB94CF /* Info.plist */ = {isa = PBXFileReference; lastKnownFileType = text.plist.xml; path = Info.plist; sourceTree = "<group>"; };
		65F82E6D251A38C100AB94CF /* GasAppTests.xctest */ = {isa = PBXFileReference; explicitFileType = wrapper.cfbundle; includeInIndex = 0; path = GasAppTests.xctest; sourceTree = BUILT_PRODUCTS_DIR; };
		65F82E71251A38C100AB94CF /* GasAppTests.swift */ = {isa = PBXFileReference; lastKnownFileType = sourcecode.swift; path = GasAppTests.swift; sourceTree = "<group>"; };
		65F82E73251A38C100AB94CF /* Info.plist */ = {isa = PBXFileReference; lastKnownFileType = text.plist.xml; path = Info.plist; sourceTree = "<group>"; };
		65F82E78251A38C100AB94CF /* GasAppUITests.xctest */ = {isa = PBXFileReference; explicitFileType = wrapper.cfbundle; includeInIndex = 0; path = GasAppUITests.xctest; sourceTree = BUILT_PRODUCTS_DIR; };
		65F82E7C251A38C100AB94CF /* GasAppUITests.swift */ = {isa = PBXFileReference; lastKnownFileType = sourcecode.swift; path = GasAppUITests.swift; sourceTree = "<group>"; };
		65F82E7E251A38C100AB94CF /* Info.plist */ = {isa = PBXFileReference; lastKnownFileType = text.plist.xml; path = Info.plist; sourceTree = "<group>"; };
/* End PBXFileReference section */

/* Begin PBXFrameworksBuildPhase section */
		65F82E56251A38C100AB94CF /* Frameworks */ = {
			isa = PBXFrameworksBuildPhase;
			buildActionMask = 2147483647;
			files = (
			);
			runOnlyForDeploymentPostprocessing = 0;
		};
		65F82E6A251A38C100AB94CF /* Frameworks */ = {
			isa = PBXFrameworksBuildPhase;
			buildActionMask = 2147483647;
			files = (
			);
			runOnlyForDeploymentPostprocessing = 0;
		};
		65F82E75251A38C100AB94CF /* Frameworks */ = {
			isa = PBXFrameworksBuildPhase;
			buildActionMask = 2147483647;
			files = (
			);
			runOnlyForDeploymentPostprocessing = 0;
		};
/* End PBXFrameworksBuildPhase section */

/* Begin PBXGroup section */
		65F82E50251A38C100AB94CF = {
			isa = PBXGroup;
			children = (
				65F82E5B251A38C100AB94CF /* GasApp */,
				65F82E70251A38C100AB94CF /* GasAppTests */,
				65F82E7B251A38C100AB94CF /* GasAppUITests */,
				65F82E5A251A38C100AB94CF /* Products */,
			);
			sourceTree = "<group>";
		};
		65F82E5A251A38C100AB94CF /* Products */ = {
			isa = PBXGroup;
			children = (
				65F82E59251A38C100AB94CF /* GasApp.app */,
				65F82E6D251A38C100AB94CF /* GasAppTests.xctest */,
				65F82E78251A38C100AB94CF /* GasAppUITests.xctest */,
			);
			name = Products;
			sourceTree = "<group>";
		};
		65F82E5B251A38C100AB94CF /* GasApp */ = {
			isa = PBXGroup;
			children = (
				65F82E5C251A38C100AB94CF /* AppDelegate.swift */,
				65F82E5E251A38C100AB94CF /* ViewController.swift */,
				65F82E60251A38C100AB94CF /* Main.storyboard */,
				65F82E63251A38C100AB94CF /* Assets.xcassets */,
				65F82E65251A38C100AB94CF /* LaunchScreen.storyboard */,
				0EEE6DAB251A452300107203 /* Group 1.png */,
				65F82E68251A38C100AB94CF /* Info.plist */,
			);
			path = GasApp;
			sourceTree = "<group>";
		};
		65F82E70251A38C100AB94CF /* GasAppTests */ = {
			isa = PBXGroup;
			children = (
				65F82E71251A38C100AB94CF /* GasAppTests.swift */,
				65F82E73251A38C100AB94CF /* Info.plist */,
			);
			path = GasAppTests;
			sourceTree = "<group>";
		};
		65F82E7B251A38C100AB94CF /* GasAppUITests */ = {
			isa = PBXGroup;
			children = (
				65F82E7C251A38C100AB94CF /* GasAppUITests.swift */,
				65F82E7E251A38C100AB94CF /* Info.plist */,
			);
			path = GasAppUITests;
			sourceTree = "<group>";
		};
/* End PBXGroup section */

/* Begin PBXNativeTarget section */
		65F82E58251A38C100AB94CF /* GasApp */ = {
			isa = PBXNativeTarget;
			buildConfigurationList = 65F82E81251A38C100AB94CF /* Build configuration list for PBXNativeTarget "GasApp" */;
			buildPhases = (
				65F82E55251A38C100AB94CF /* Sources */,
				65F82E56251A38C100AB94CF /* Frameworks */,
				65F82E57251A38C100AB94CF /* Resources */,
			);
			buildRules = (
			);
			dependencies = (
			);
			name = GasApp;
			productName = GasApp;
			productReference = 65F82E59251A38C100AB94CF /* GasApp.app */;
			productType = "com.apple.product-type.application";
		};
		65F82E6C251A38C100AB94CF /* GasAppTests */ = {
			isa = PBXNativeTarget;
			buildConfigurationList = 65F82E84251A38C100AB94CF /* Build configuration list for PBXNativeTarget "GasAppTests" */;
			buildPhases = (
				65F82E69251A38C100AB94CF /* Sources */,
				65F82E6A251A38C100AB94CF /* Frameworks */,
				65F82E6B251A38C100AB94CF /* Resources */,
			);
			buildRules = (
			);
			dependencies = (
				65F82E6F251A38C100AB94CF /* PBXTargetDependency */,
			);
			name = GasAppTests;
			productName = GasAppTests;
			productReference = 65F82E6D251A38C100AB94CF /* GasAppTests.xctest */;
			productType = "com.apple.product-type.bundle.unit-test";
		};
		65F82E77251A38C100AB94CF /* GasAppUITests */ = {
			isa = PBXNativeTarget;
			buildConfigurationList = 65F82E87251A38C100AB94CF /* Build configuration list for PBXNativeTarget "GasAppUITests" */;
			buildPhases = (
				65F82E74251A38C100AB94CF /* Sources */,
				65F82E75251A38C100AB94CF /* Frameworks */,
				65F82E76251A38C100AB94CF /* Resources */,
			);
			buildRules = (
			);
			dependencies = (
				65F82E7A251A38C100AB94CF /* PBXTargetDependency */,
			);
			name = GasAppUITests;
			productName = GasAppUITests;
			productReference = 65F82E78251A38C100AB94CF /* GasAppUITests.xctest */;
			productType = "com.apple.product-type.bundle.ui-testing";
		};
/* End PBXNativeTarget section */

/* Begin PBXProject section */
		65F82E51251A38C100AB94CF /* Project object */ = {
			isa = PBXProject;
			attributes = {
				LastSwiftUpdateCheck = 0830;
				LastUpgradeCheck = 0830;
				ORGANIZATIONNAME = "Max Insolia";
				TargetAttributes = {
					65F82E58251A38C100AB94CF = {
						CreatedOnToolsVersion = 8.3.3;
						ProvisioningStyle = Automatic;
					};
					65F82E6C251A38C100AB94CF = {
						CreatedOnToolsVersion = 8.3.3;
						ProvisioningStyle = Automatic;
						TestTargetID = 65F82E58251A38C100AB94CF;
					};
					65F82E77251A38C100AB94CF = {
						CreatedOnToolsVersion = 8.3.3;
						ProvisioningStyle = Automatic;
						TestTargetID = 65F82E58251A38C100AB94CF;
					};
				};
			};
			buildConfigurationList = 65F82E54251A38C100AB94CF /* Build configuration list for PBXProject "GasApp" */;
			compatibilityVersion = "Xcode 3.2";
			developmentRegion = English;
			hasScannedForEncodings = 0;
			knownRegions = (
				en,
				Base,
			);
			mainGroup = 65F82E50251A38C100AB94CF;
			productRefGroup = 65F82E5A251A38C100AB94CF /* Products */;
			projectDirPath = "";
			projectRoot = "";
			targets = (
				65F82E58251A38C100AB94CF /* GasApp */,
				65F82E6C251A38C100AB94CF /* GasAppTests */,
				65F82E77251A38C100AB94CF /* GasAppUITests */,
			);
		};
/* End PBXProject section */

/* Begin PBXResourcesBuildPhase section */
		65F82E57251A38C100AB94CF /* Resources */ = {
			isa = PBXResourcesBuildPhase;
			buildActionMask = 2147483647;
			files = (
				0EEE6DAC251A452300107203 /* Group 1.png in Resources */,
				65F82E67251A38C100AB94CF /* LaunchScreen.storyboard in Resources */,
				65F82E64251A38C100AB94CF /* Assets.xcassets in Resources */,
				65F82E62251A38C100AB94CF /* Main.storyboard in Resources */,
			);
			runOnlyForDeploymentPostprocessing = 0;
		};
		65F82E6B251A38C100AB94CF /* Resources */ = {
			isa = PBXResourcesBuildPhase;
			buildActionMask = 2147483647;
			files = (
			);
			runOnlyForDeploymentPostprocessing = 0;
		};
		65F82E76251A38C100AB94CF /* Resources */ = {
			isa = PBXResourcesBuildPhase;
			buildActionMask = 2147483647;
			files = (
			);
			runOnlyForDeploymentPostprocessing = 0;
		};
/* End PBXResourcesBuildPhase section */

/* Begin PBXSourcesBuildPhase section */
		65F82E55251A38C100AB94CF /* Sources */ = {
			isa = PBXSourcesBuildPhase;
			buildActionMask = 2147483647;
			files = (
				65F82E5F251A38C100AB94CF /* ViewController.swift in Sources */,
				65F82E5D251A38C100AB94CF /* AppDelegate.swift in Sources */,
			);
			runOnlyForDeploymentPostprocessing = 0;
		};
		65F82E69251A38C100AB94CF /* Sources */ = {
			isa = PBXSourcesBuildPhase;
			buildActionMask = 2147483647;
			files = (
				65F82E72251A38C100AB94CF /* GasAppTests.swift in Sources */,
			);
			runOnlyForDeploymentPostprocessing = 0;
		};
		65F82E74251A38C100AB94CF /* Sources */ = {
			isa = PBXSourcesBuildPhase;
			buildActionMask = 2147483647;
			files = (
				65F82E7D251A38C100AB94CF /* GasAppUITests.swift in Sources */,
			);
			runOnlyForDeploymentPostprocessing = 0;
		};
/* End PBXSourcesBuildPhase section */

/* Begin PBXTargetDependency section */
		65F82E6F251A38C100AB94CF /* PBXTargetDependency */ = {
			isa = PBXTargetDependency;
			target = 65F82E58251A38C100AB94CF /* GasApp */;
			targetProxy = 65F82E6E251A38C100AB94CF /* PBXContainerItemProxy */;
		};
		65F82E7A251A38C100AB94CF /* PBXTargetDependency */ = {
			isa = PBXTargetDependency;
			target = 65F82E58251A38C100AB94CF /* GasApp */;
			targetProxy = 65F82E79251A38C100AB94CF /* PBXContainerItemProxy */;
		};
/* End PBXTargetDependency section */

/* Begin PBXVariantGroup section */
		65F82E60251A38C100AB94CF /* Main.storyboard */ = {
			isa = PBXVariantGroup;
			children = (
				65F82E61251A38C100AB94CF /* Base */,
			);
			name = Main.storyboard;
			sourceTree = "<group>";
		};
		65F82E65251A38C100AB94CF /* LaunchScreen.storyboard */ = {
			isa = PBXVariantGroup;
			children = (
				65F82E66251A38C100AB94CF /* Base */,
			);
			name = LaunchScreen.storyboard;
			sourceTree = "<group>";
		};
/* End PBXVariantGroup section */

/* Begin XCBuildConfiguration section */
		65F82E7F251A38C100AB94CF /* Debug */ = {
			isa = XCBuildConfiguration;
			buildSettings = {
				ALWAYS_SEARCH_USER_PATHS = NO;
				CLANG_ANALYZER_NONNULL = YES;
				CLANG_ANALYZER_NUMBER_OBJECT_CONVERSION = YES_AGGRESSIVE;
				CLANG_CXX_LANGUAGE_STANDARD = "gnu++0x";
				CLANG_CXX_LIBRARY = "libc++";
				CLANG_ENABLE_MODULES = YES;
				CLANG_ENABLE_OBJC_ARC = YES;
				CLANG_WARN_BOOL_CONVERSION = YES;
				CLANG_WARN_CONSTANT_CONVERSION = YES;
				CLANG_WARN_DIRECT_OBJC_ISA_USAGE = YES_ERROR;
				CLANG_WARN_DOCUMENTATION_COMMENTS = YES;
				CLANG_WARN_EMPTY_BODY = YES;
				CLANG_WARN_ENUM_CONVERSION = YES;
				CLANG_WARN_INFINITE_RECURSION = YES;
				CLANG_WARN_INT_CONVERSION = YES;
				CLANG_WARN_OBJC_ROOT_CLASS = YES_ERROR;
				CLANG_WARN_SUSPICIOUS_MOVE = YES;
				CLANG_WARN_UNREACHABLE_CODE = YES;
				CLANG_WARN__DUPLICATE_METHOD_MATCH = YES;
				"CODE_SIGN_IDENTITY[sdk=iphoneos*]" = "iPhone Developer";
				COPY_PHASE_STRIP = NO;
				DEBUG_INFORMATION_FORMAT = dwarf;
				ENABLE_STRICT_OBJC_MSGSEND = YES;
				ENABLE_TESTABILITY = YES;
				GCC_C_LANGUAGE_STANDARD = gnu99;
				GCC_DYNAMIC_NO_PIC = NO;
				GCC_NO_COMMON_BLOCKS = YES;
				GCC_OPTIMIZATION_LEVEL = 0;
				GCC_PREPROCESSOR_DEFINITIONS = (
					"DEBUG=1",
					"$(inherited)",
				);
				GCC_WARN_64_TO_32_BIT_CONVERSION = YES;
				GCC_WARN_ABOUT_RETURN_TYPE = YES_ERROR;
				GCC_WARN_UNDECLARED_SELECTOR = YES;
				GCC_WARN_UNINITIALIZED_AUTOS = YES_AGGRESSIVE;
				GCC_WARN_UNUSED_FUNCTION = YES;
				GCC_WARN_UNUSED_VARIABLE = YES;
				IPHONEOS_DEPLOYMENT_TARGET = 10.3;
				MTL_ENABLE_DEBUG_INFO = YES;
				ONLY_ACTIVE_ARCH = YES;
				SDKROOT = iphoneos;
				SWIFT_ACTIVE_COMPILATION_CONDITIONS = DEBUG;
				SWIFT_OPTIMIZATION_LEVEL = "-Onone";
			};
			name = Debug;
		};
		65F82E80251A38C100AB94CF /* Release */ = {
			isa = XCBuildConfiguration;
			buildSettings = {
				ALWAYS_SEARCH_USER_PATHS = NO;
				CLANG_ANALYZER_NONNULL = YES;
				CLANG_ANALYZER_NUMBER_OBJECT_CONVERSION = YES_AGGRESSIVE;
				CLANG_CXX_LANGUAGE_STANDARD = "gnu++0x";
				CLANG_CXX_LIBRARY = "libc++";
				CLANG_ENABLE_MODULES = YES;
				CLANG_ENABLE_OBJC_ARC = YES;
				CLANG_WARN_BOOL_CONVERSION = YES;
				CLANG_WARN_CONSTANT_CONVERSION = YES;
				CLANG_WARN_DIRECT_OBJC_ISA_USAGE = YES_ERROR;
				CLANG_WARN_DOCUMENTATION_COMMENTS = YES;
				CLANG_WARN_EMPTY_BODY = YES;
				CLANG_WARN_ENUM_CONVERSION = YES;
				CLANG_WARN_INFINITE_RECURSION = YES;
				CLANG_WARN_INT_CONVERSION = YES;
				CLANG_WARN_OBJC_ROOT_CLASS = YES_ERROR;
				CLANG_WARN_SUSPICIOUS_MOVE = YES;
				CLANG_WARN_UNREACHABLE_CODE = YES;
				CLANG_WARN__DUPLICATE_METHOD_MATCH = YES;
				"CODE_SIGN_IDENTITY[sdk=iphoneos*]" = "iPhone Developer";
				COPY_PHASE_STRIP = NO;
				DEBUG_INFORMATION_FORMAT = "dwarf-with-dsym";
				ENABLE_NS_ASSERTIONS = NO;
				ENABLE_STRICT_OBJC_MSGSEND = YES;
				GCC_C_LANGUAGE_STANDARD = gnu99;
				GCC_NO_COMMON_BLOCKS = YES;
				GCC_WARN_64_TO_32_BIT_CONVERSION = YES;
				GCC_WARN_ABOUT_RETURN_TYPE = YES_ERROR;
				GCC_WARN_UNDECLARED_SELECTOR = YES;
				GCC_WARN_UNINITIALIZED_AUTOS = YES_AGGRESSIVE;
				GCC_WARN_UNUSED_FUNCTION = YES;
				GCC_WARN_UNUSED_VARIABLE = YES;
				IPHONEOS_DEPLOYMENT_TARGET = 10.3;
				MTL_ENABLE_DEBUG_INFO = NO;
				SDKROOT = iphoneos;
				SWIFT_OPTIMIZATION_LEVEL = "-Owholemodule";
				VALIDATE_PRODUCT = YES;
			};
			name = Release;
		};
		65F82E82251A38C100AB94CF /* Debug */ = {
			isa = XCBuildConfiguration;
			buildSettings = {
				ASSETCATALOG_COMPILER_APPICON_NAME = AppIcon;
				INFOPLIST_FILE = GasApp/Info.plist;
				LD_RUNPATH_SEARCH_PATHS = "$(inherited) @executable_path/Frameworks";
				PRODUCT_BUNDLE_IDENTIFIER = Deymis.GasApp;
				PRODUCT_NAME = "$(TARGET_NAME)";
				SWIFT_VERSION = 3.0;
			};
			name = Debug;
		};
		65F82E83251A38C100AB94CF /* Release */ = {
			isa = XCBuildConfiguration;
			buildSettings = {
				ASSETCATALOG_COMPILER_APPICON_NAME = AppIcon;
				INFOPLIST_FILE = GasApp/Info.plist;
				LD_RUNPATH_SEARCH_PATHS = "$(inherited) @executable_path/Frameworks";
				PRODUCT_BUNDLE_IDENTIFIER = Deymis.GasApp;
				PRODUCT_NAME = "$(TARGET_NAME)";
				SWIFT_VERSION = 3.0;
			};
			name = Release;
		};
		65F82E85251A38C100AB94CF /* Debug */ = {
			isa = XCBuildConfiguration;
			buildSettings = {
				ALWAYS_EMBED_SWIFT_STANDARD_LIBRARIES = YES;
				BUNDLE_LOADER = "$(TEST_HOST)";
				INFOPLIST_FILE = GasAppTests/Info.plist;
				LD_RUNPATH_SEARCH_PATHS = "$(inherited) @executable_path/Frameworks @loader_path/Frameworks";
				PRODUCT_BUNDLE_IDENTIFIER = Deymis.GasAppTests;
				PRODUCT_NAME = "$(TARGET_NAME)";
				SWIFT_VERSION = 3.0;
				TEST_HOST = "$(BUILT_PRODUCTS_DIR)/GasApp.app/GasApp";
			};
			name = Debug;
		};
		65F82E86251A38C100AB94CF /* Release */ = {
			isa = XCBuildConfiguration;
			buildSettings = {
				ALWAYS_EMBED_SWIFT_STANDARD_LIBRARIES = YES;
				BUNDLE_LOADER = "$(TEST_HOST)";
				INFOPLIST_FILE = GasAppTests/Info.plist;
				LD_RUNPATH_SEARCH_PATHS = "$(inherited) @executable_path/Frameworks @loader_path/Frameworks";
				PRODUCT_BUNDLE_IDENTIFIER = Deymis.GasAppTests;
				PRODUCT_NAME = "$(TARGET_NAME)";
				SWIFT_VERSION = 3.0;
				TEST_HOST = "$(BUILT_PRODUCTS_DIR)/GasApp.app/GasApp";
			};
			name = Release;
		};
		65F82E88251A38C100AB94CF /* Debug */ = {
			isa = XCBuildConfiguration;
			buildSettings = {
				ALWAYS_EMBED_SWIFT_STANDARD_LIBRARIES = YES;
				INFOPLIST_FILE = GasAppUITests/Info.plist;
				LD_RUNPATH_SEARCH_PATHS = "$(inherited) @executable_path/Frameworks @loader_path/Frameworks";
				PRODUCT_BUNDLE_IDENTIFIER = Deymis.GasAppUITests;
				PRODUCT_NAME = "$(TARGET_NAME)";
				SWIFT_VERSION = 3.0;
				TEST_TARGET_NAME = GasApp;
			};
			name = Debug;
		};
		65F82E89251A38C100AB94CF /* Release */ = {
			isa = XCBuildConfiguration;
			buildSettings = {
				ALWAYS_EMBED_SWIFT_STANDARD_LIBRARIES = YES;
				INFOPLIST_FILE = GasAppUITests/Info.plist;
				LD_RUNPATH_SEARCH_PATHS = "$(inherited) @executable_path/Frameworks @loader_path/Frameworks";
				PRODUCT_BUNDLE_IDENTIFIER = Deymis.GasAppUITests;
				PRODUCT_NAME = "$(TARGET_NAME)";
				SWIFT_VERSION = 3.0;
				TEST_TARGET_NAME = GasApp;
			};
			name = Release;
		};
/* End XCBuildConfiguration section */

/* Begin XCConfigurationList section */
		65F82E54251A38C100AB94CF /* Build configuration list for PBXProject "GasApp" */ = {
			isa = XCConfigurationList;
			buildConfigurations = (
				65F82E7F251A38C100AB94CF /* Debug */,
				65F82E80251A38C100AB94CF /* Release */,
			);
			defaultConfigurationIsVisible = 0;
			defaultConfigurationName = Release;
		};
		65F82E81251A38C100AB94CF /* Build configuration list for PBXNativeTarget "GasApp" */ = {
			isa = XCConfigurationList;
			buildConfigurations = (
				65F82E82251A38C100AB94CF /* Debug */,
				65F82E83251A38C100AB94CF /* Release */,
			);
			defaultConfigurationIsVisible = 0;
			defaultConfigurationName = Release;
		};
		65F82E84251A38C100AB94CF /* Build configuration list for PBXNativeTarget "GasAppTests" */ = {
			isa = XCConfigurationList;
			buildConfigurations = (
				65F82E85251A38C100AB94CF /* Debug */,
				65F82E86251A38C100AB94CF /* Release */,
			);
			defaultConfigurationIsVisible = 0;
			defaultConfigurationName = Release;
		};
		65F82E87251A38C100AB94CF /* Build configuration list for PBXNativeTarget "GasAppUITests" */ = {
			isa = XCConfigurationList;
			buildConfigurations = (
				65F82E88251A38C100AB94CF /* Debug */,
				65F82E89251A38C100AB94CF /* Release */,
			);
			defaultConfigurationIsVisible = 0;
			defaultConfigurationName = Release;
		};
/* End XCConfigurationList section */
	};
	rootObject = 65F82E51251A38C100AB94CF /* Project object */;
}
